{
  "name": "data_collector",
  "lockfileVersion": 3,
  "requires": true,
  "packages": {
    "": {
      "devDependencies": {
        "@types/wicg-file-system-access": "^2023.10.5"
      }
    },
    "node_modules/@types/wicg-file-system-access": {
      "version": "2023.10.5",
      "resolved": "https://registry.npmmirror.com/@types/wicg-file-system-access/-/wicg-file-system-access-2023.10.5.tgz",
      "integrity": "sha512-e9kZO9kCdLqT2h9Tw38oGv9UNzBBWaR1MzuAavxPcsV/7FJ3tWbU6RI3uB+yKIDPGLkGVbplS52ub0AcRLvrhA==",
      "dev": true,
      "license": "MIT"
    }
  }
}
